Microsoft Visual Studio Solution File, Format Version 12.00
# Visual Studio Version 17
VisualStudioVersion = 17.5.2.0
MinimumVisualStudioVersion = 10.0.40219.1
Project("{FAE04EC0-301F-11D3-BF4B-00C04F79EFBC}") = "TeamAceProject", "TeamAceProject.csproj", "{789CF702-F33E-3A32-F5A6-01061836CF0E}"
EndProject
Global
	GlobalSection(SolutionConfigurationPlatforms) = preSolution
		Debug|Any CPU = Debug|Any CPU
		Release|Any CPU = Release|Any CPU
	EndGlobalSection
	GlobalSection(ProjectConfigurationPlatforms) = postSolution
		{789CF702-F33E-3A32-F5A6-01061836CF0E}.Debug|Any CPU.ActiveCfg = Debug|Any CPU
		{789CF702-F33E-3A32-F5A6-01061836CF0E}.Debug|Any CPU.Build.0 = Debug|Any CPU
		{789CF702-F33E-3A32-F5A6-01061836CF0E}.Release|Any CPU.ActiveCfg = Release|Any CPU
		{789CF702-F33E-3A32-F5A6-01061836CF0E}.Release|Any CPU.Build.0 = Release|Any CPU
	EndGlobalSection
	GlobalSection(SolutionProperties) = preSolution
		HideSolutionNode = FALSE
	EndGlobalSection
	GlobalSection(ExtensibilityGlobals) = postSolution
		SolutionGuid = {8F6B770B-A507-4A90-AF96-E03A0CF51623}
	EndGlobalSection
EndGlobal
